<?xml version="1.0" encoding="utf-8"?>
<Project ToolsVersion="4.0" xmlns="http://schemas.microsoft.com/developer/msbuild/2003">
  <ItemGroup>
    <ClCompile Include="Source\Animation\AnimationClip.cpp">
      <Filter>Animation</Filter>
    </ClCompile>
    <ClCompile Include="Source\Animation\AnimationController.cpp">
      <Filter>Animation</Filter>
    </ClCompile>
    <ClCompile Include="Source\Framework\Framework.cpp">
      <Filter>Framework</Filter>
    </ClCompile>
    <ClCompile Include="Source\Manager\InputManager.cpp">
      <Filter>Manager</Filter>
    </ClCompile>
    <ClCompile Include="Source\Manager\RandomMgr.cpp">
      <Filter>Manager</Filter>
    </ClCompile>
    <ClCompile Include="Source\Manager\ResourceMgr.cpp">
      <Filter>Manager</Filter>
    </ClCompile>
    <ClCompile Include="Source\Manager\SceneMgr.cpp">
      <Filter>Manager</Filter>
    </ClCompile>
    <ClCompile Include="Source\Player\Skul\LittleBone.cpp">
      <Filter>Player</Filter>
    </ClCompile>
    <ClCompile Include="Source\Player\Player.cpp">
      <Filter>Player</Filter>
    </ClCompile>
    <ClCompile Include="Source\Resource\Resource.cpp">
      <Filter>Resource</Filter>
    </ClCompile>
    <ClCompile Include="Source\Scene\Scene.cpp">
      <Filter>Scene</Filter>
    </ClCompile>
    <ClCompile Include="Source\Scene\SceneGame.cpp">
      <Filter>Scene</Filter>
    </ClCompile>
    <ClCompile Include="Source\Scene\SceneMapEditor.cpp">
      <Filter>Scene</Filter>
    </ClCompile>
    <ClCompile Include="Source\Scene\SceneMenu.cpp">
      <Filter>Scene</Filter>
    </ClCompile>
    <ClCompile Include="Source\Scene\SceneTitle.cpp">
      <Filter>Scene</Filter>
    </ClCompile>
    <ClCompile Include="Source\SwordMan\SwordMan.cpp">
      <Filter>Monster\SwordMan</Filter>
    </ClCompile>
    <ClCompile Include="Source\TileMap\Tilemap.cpp">
      <Filter>TileMap</Filter>
    </ClCompile>
    <ClCompile Include="Source\Utils\Singleton.cpp">
      <Filter>Utils</Filter>
    </ClCompile>
    <ClCompile Include="Source\Utils\Utils.cpp">
      <Filter>Utils</Filter>
    </ClCompile>
    <ClCompile Include="Source\main.cpp" />
    <ClCompile Include="Source\SceneEnd.cpp" />
    <ClCompile Include="Source\UIMaker.cpp" />
    <ClCompile Include="TestRectangle.cpp" />
    <ClCompile Include="Source\Boss.cpp" />
    <ClCompile Include="Source\BossFire.cpp" />
    <ClCompile Include="Source\BossSuper.cpp" />
    <ClCompile Include="Source\Monster\PinkEnt\PinkEnt.cpp">
      <Filter>Monster\PinkEnt</Filter>
    </ClCompile>
  </ItemGroup>
  <ItemGroup>
    <ClInclude Include="Source\Animation\AnimationClip.h">
      <Filter>Animation</Filter>
    </ClInclude>
    <ClInclude Include="Source\Animation\AnimationController.h">
      <Filter>Animation</Filter>
    </ClInclude>
    <ClInclude Include="Source\Framework\Framework.h">
      <Filter>Framework</Filter>
    </ClInclude>
    <ClInclude Include="Source\Manager\InputManager.h">
      <Filter>Manager</Filter>
    </ClInclude>
    <ClInclude Include="Source\Manager\RandomMgr.h">
      <Filter>Manager</Filter>
    </ClInclude>
    <ClInclude Include="Source\Manager\ResourceMgr.h">
      <Filter>Manager</Filter>
    </ClInclude>
    <ClInclude Include="Source\Manager\SceneMgr.h">
      <Filter>Manager</Filter>
    </ClInclude>
    <ClInclude Include="Source\Player\Skul\LittleBone.h">
      <Filter>Player</Filter>
    </ClInclude>
    <ClInclude Include="Source\Resource\Resource.h">
      <Filter>Resource</Filter>
    </ClInclude>
    <ClInclude Include="Source\Scene\Scene.h">
      <Filter>Scene</Filter>
    </ClInclude>
    <ClInclude Include="Source\Scene\SceneGame.h">
      <Filter>Scene</Filter>
    </ClInclude>
    <ClInclude Include="Source\Scene\SceneMapEditor.h">
      <Filter>Scene</Filter>
    </ClInclude>
    <ClInclude Include="Source\Scene\SceneMenu.h">
      <Filter>Scene</Filter>
    </ClInclude>
    <ClInclude Include="Source\Scene\SceneTitle.h">
      <Filter>Scene</Filter>
    </ClInclude>
    <ClInclude Include="Source\SwordMan\SwordMan.h">
      <Filter>Monster\SwordMan</Filter>
    </ClInclude>
    <ClInclude Include="Source\TileMap\Tilemap.h">
      <Filter>TileMap</Filter>
    </ClInclude>
    <ClInclude Include="Source\Utils\ChangeMouse.h">
      <Filter>Utils</Filter>
    </ClInclude>
    <ClInclude Include="Source\Utils\Singleton.h">
      <Filter>Utils</Filter>
    </ClInclude>
    <ClInclude Include="Source\Utils\Utils.h">
      <Filter>Utils</Filter>
    </ClInclude>
    <ClInclude Include="Source\SceneEnd.h" />
    <ClInclude Include="Source\UIMaker.h" />
    <ClInclude Include="TestRectangle.h" />
    <ClInclude Include="DefineList.h" />
    <ClInclude Include="Source\Boss.h" />
    <ClInclude Include="Source\BossFire.h" />
    <ClInclude Include="Source\BossSuper.h" />
    <ClInclude Include="Source\Player\Player.h">
      <Filter>Player</Filter>
    </ClInclude>
    <ClInclude Include="Source\Monster\PinkEnt\PinkEnt.h">
      <Filter>Monster\PinkEnt</Filter>
    </ClInclude>
  </ItemGroup>
  <ItemGroup>
    <Filter Include="Animation">
      <UniqueIdentifier>{19160f43-a88b-4d5c-a914-85e9d655f8ff}</UniqueIdentifier>
    </Filter>
    <Filter Include="Framework">
      <UniqueIdentifier>{287ce8a3-20f5-48ba-8958-8f6f3c1b49cb}</UniqueIdentifier>
    </Filter>
    <Filter Include="Manager">
      <UniqueIdentifier>{16213bc8-43d3-4fcb-a7ee-1e98566e9759}</UniqueIdentifier>
    </Filter>
    <Filter Include="Player">
      <UniqueIdentifier>{c15791b1-6e33-4e13-a9f6-a24918445786}</UniqueIdentifier>
    </Filter>
    <Filter Include="Resource">
      <UniqueIdentifier>{c218bde4-2726-4032-ac31-78e2ffd5cbb2}</UniqueIdentifier>
    </Filter>
    <Filter Include="Scene">
      <UniqueIdentifier>{40099c3e-41ab-4dc5-ab22-5f8d0ce9836c}</UniqueIdentifier>
    </Filter>
    <Filter Include="Utils">
      <UniqueIdentifier>{6f060816-9d40-4886-a624-18bcf442269a}</UniqueIdentifier>
    </Filter>
    <Filter Include="TileMap">
      <UniqueIdentifier>{212b38a0-876f-4df5-a222-e78edf112457}</UniqueIdentifier>
    </Filter>
    <Filter Include="Monster">
      <UniqueIdentifier>{1db123b0-737d-406e-b6bb-75a142ded7bc}</UniqueIdentifier>
    </Filter>
    <Filter Include="Monster\PinkEnt">
      <UniqueIdentifier>{c871cdfa-d2c6-4696-a283-56221a822267}</UniqueIdentifier>
    </Filter>
    <Filter Include="Monster\SwordMan">
      <UniqueIdentifier>{472bdc32-77d3-4d42-8670-d2363ed6c063}</UniqueIdentifier>
    </Filter>
  </ItemGroup>
</Project>